
Microsoft Visual Studio Solution File, Format Version 12.00
# Visual Studio Version 16
VisualStudioVersion = 16.0.29709.97
MinimumVisualStudioVersion = 10.0.40219.1
Project("{9A19103F-16F7-4668-BE54-9A1E7A4F7556}") = "EverythingNBA.Data", "EverythingNBA.Data\EverythingNBA.Data.csproj", "{214ADAC2-BC46-4D74-A04D-6FDDA771B6D6}"
EndProject
Project("{9A19103F-16F7-4668-BE54-9A1E7A4F7556}") = "EverythingNBA.Models", "EverythingNBA.Models\EverythingNBA.Models.csproj", "{6FA95507-583B-4F0B-B01A-895275655035}"
EndProject
Project("{2150E333-8FDC-42A3-9474-1A3956D46DE8}") = "Services", "Services", "{ED544EC2-86E9-422F-BD84-BE245C15306D}"
EndProject
Project("{2150E333-8FDC-42A3-9474-1A3956D46DE8}") = "Tests", "Tests", "{D7C221AD-9966-4D54-A386-A61BA53A3543}"
EndProject
Project("{2150E333-8FDC-42A3-9474-1A3956D46DE8}") = "Data", "Data", "{4A69DC16-E02A-4C4E-ABBA-82FA7D27097D}"
EndProject
Project("{9A19103F-16F7-4668-BE54-9A1E7A4F7556}") = "EverythingNBA.Services", "EverythingNBA.Services\EverythingNBA.Services.csproj", "{6B7AE355-B833-48A0-B54F-CFB591C08DEE}"
	ProjectSection(ProjectDependencies) = postProject
		{214ADAC2-BC46-4D74-A04D-6FDDA771B6D6} = {214ADAC2-BC46-4D74-A04D-6FDDA771B6D6}
	EndProjectSection
EndProject
Project("{FAE04EC0-301F-11D3-BF4B-00C04F79EFBC}") = "DemoApp", "DemoApp\DemoApp.csproj", "{2585FEEB-4B3E-4EB5-B51A-20061518489D}"
EndProject
Global
	GlobalSection(SolutionConfigurationPlatforms) = preSolution
		Debug|Any CPU = Debug|Any CPU
		Release|Any CPU = Release|Any CPU
	EndGlobalSection
	GlobalSection(ProjectConfigurationPlatforms) = postSolution
		{214ADAC2-BC46-4D74-A04D-6FDDA771B6D6}.Debug|Any CPU.ActiveCfg = Debug|Any CPU
		{214ADAC2-BC46-4D74-A04D-6FDDA771B6D6}.Debug|Any CPU.Build.0 = Debug|Any CPU
		{214ADAC2-BC46-4D74-A04D-6FDDA771B6D6}.Release|Any CPU.ActiveCfg = Release|Any CPU
		{214ADAC2-BC46-4D74-A04D-6FDDA771B6D6}.Release|Any CPU.Build.0 = Release|Any CPU
		{6FA95507-583B-4F0B-B01A-895275655035}.Debug|Any CPU.ActiveCfg = Debug|Any CPU
		{6FA95507-583B-4F0B-B01A-895275655035}.Debug|Any CPU.Build.0 = Debug|Any CPU
		{6FA95507-583B-4F0B-B01A-895275655035}.Release|Any CPU.ActiveCfg = Release|Any CPU
		{6FA95507-583B-4F0B-B01A-895275655035}.Release|Any CPU.Build.0 = Release|Any CPU
		{6B7AE355-B833-48A0-B54F-CFB591C08DEE}.Debug|Any CPU.ActiveCfg = Debug|Any CPU
		{6B7AE355-B833-48A0-B54F-CFB591C08DEE}.Debug|Any CPU.Build.0 = Debug|Any CPU
		{6B7AE355-B833-48A0-B54F-CFB591C08DEE}.Release|Any CPU.ActiveCfg = Release|Any CPU
		{6B7AE355-B833-48A0-B54F-CFB591C08DEE}.Release|Any CPU.Build.0 = Release|Any CPU
		{2585FEEB-4B3E-4EB5-B51A-20061518489D}.Debug|Any CPU.ActiveCfg = Debug|Any CPU
		{2585FEEB-4B3E-4EB5-B51A-20061518489D}.Debug|Any CPU.Build.0 = Debug|Any CPU
		{2585FEEB-4B3E-4EB5-B51A-20061518489D}.Release|Any CPU.ActiveCfg = Release|Any CPU
		{2585FEEB-4B3E-4EB5-B51A-20061518489D}.Release|Any CPU.Build.0 = Release|Any CPU
	EndGlobalSection
	GlobalSection(SolutionProperties) = preSolution
		HideSolutionNode = FALSE
	EndGlobalSection
	GlobalSection(NestedProjects) = preSolution
		{214ADAC2-BC46-4D74-A04D-6FDDA771B6D6} = {4A69DC16-E02A-4C4E-ABBA-82FA7D27097D}
		{6FA95507-583B-4F0B-B01A-895275655035} = {4A69DC16-E02A-4C4E-ABBA-82FA7D27097D}
		{D7C221AD-9966-4D54-A386-A61BA53A3543} = {ED544EC2-86E9-422F-BD84-BE245C15306D}
		{6B7AE355-B833-48A0-B54F-CFB591C08DEE} = {ED544EC2-86E9-422F-BD84-BE245C15306D}
	EndGlobalSection
	GlobalSection(ExtensibilityGlobals) = postSolution
		SolutionGuid = {612D1D6E-04D7-4DDB-83FC-58BF83C7759D}
	EndGlobalSection
EndGlobal
